
Microsoft Visual Studio Solution File, Format Version 12.00
# Visual Studio 15
VisualStudioVersion = 15.0.26430.6
MinimumVisualStudioVersion = 10.0.40219.1
Project("{FAE04EC0-301F-11D3-BF4B-00C04F79EFBC}") = "BeggarCompute", "src\BeggarCompute\BeggarCompute.csproj", "{E69B3607-CA67-45EA-AC24-95D5B8F73B60}"
EndProject
Project("{FAE04EC0-301F-11D3-BF4B-00C04F79EFBC}") = "BeggarMyNeighbour", "src\BeggarMyNeighbour\BeggarMyNeighbour.csproj", "{090B5FA4-D600-462E-A416-CC7E2BCD6F4B}"
EndProject
Project("{FAE04EC0-301F-11D3-BF4B-00C04F79EFBC}") = "Scoreboard.API", "src\BeggarScoreboard.API\Scoreboard.API.csproj", "{8F775AE6-4C50-4C60-8144-0A27ED5702CD}"
EndProject
Project("{E53339B2-1760-4266-BCC7-CA923CBCF16C}") = "docker-compose", "docker-compose.dcproj", "{4CC997C7-CFD3-4A01-8C5B-50258329036C}"
EndProject
Global
	GlobalSection(Performance) = preSolution
		HasPerformanceSessions = true
	EndGlobalSection
	GlobalSection(SolutionConfigurationPlatforms) = preSolution
		Debug|Any CPU = Debug|Any CPU
		Release|Any CPU = Release|Any CPU
	EndGlobalSection
	GlobalSection(ProjectConfigurationPlatforms) = postSolution
		{E69B3607-CA67-45EA-AC24-95D5B8F73B60}.Debug|Any CPU.ActiveCfg = Debug|Any CPU
		{E69B3607-CA67-45EA-AC24-95D5B8F73B60}.Debug|Any CPU.Build.0 = Debug|Any CPU
		{E69B3607-CA67-45EA-AC24-95D5B8F73B60}.Release|Any CPU.ActiveCfg = Release|Any CPU
		{E69B3607-CA67-45EA-AC24-95D5B8F73B60}.Release|Any CPU.Build.0 = Release|Any CPU
		{090B5FA4-D600-462E-A416-CC7E2BCD6F4B}.Debug|Any CPU.ActiveCfg = Debug|Any CPU
		{090B5FA4-D600-462E-A416-CC7E2BCD6F4B}.Debug|Any CPU.Build.0 = Debug|Any CPU
		{090B5FA4-D600-462E-A416-CC7E2BCD6F4B}.Release|Any CPU.ActiveCfg = Release|Any CPU
		{090B5FA4-D600-462E-A416-CC7E2BCD6F4B}.Release|Any CPU.Build.0 = Release|Any CPU
		{8F775AE6-4C50-4C60-8144-0A27ED5702CD}.Debug|Any CPU.ActiveCfg = Debug|Any CPU
		{8F775AE6-4C50-4C60-8144-0A27ED5702CD}.Debug|Any CPU.Build.0 = Debug|Any CPU
		{8F775AE6-4C50-4C60-8144-0A27ED5702CD}.Release|Any CPU.ActiveCfg = Release|Any CPU
		{8F775AE6-4C50-4C60-8144-0A27ED5702CD}.Release|Any CPU.Build.0 = Release|Any CPU
		{4CC997C7-CFD3-4A01-8C5B-50258329036C}.Debug|Any CPU.ActiveCfg = Debug|Any CPU
		{4CC997C7-CFD3-4A01-8C5B-50258329036C}.Debug|Any CPU.Build.0 = Debug|Any CPU
		{4CC997C7-CFD3-4A01-8C5B-50258329036C}.Release|Any CPU.ActiveCfg = Release|Any CPU
		{4CC997C7-CFD3-4A01-8C5B-50258329036C}.Release|Any CPU.Build.0 = Release|Any CPU
	EndGlobalSection
	GlobalSection(SolutionProperties) = preSolution
		HideSolutionNode = FALSE
	EndGlobalSection
	GlobalSection(Performance) = preSolution
		HasPerformanceSessions = true
	EndGlobalSection
	GlobalSection(Performance) = preSolution
		HasPerformanceSessions = true
	EndGlobalSection
	GlobalSection(Performance) = preSolution
		HasPerformanceSessions = true
	EndGlobalSection
EndGlobal
